# This file is generated by running "yarn install" inside your project.
# Manual changes might be lost - proceed with caution!

__metadata:
  version: 8
  cacheKey: 10c0

"lucide-react@npm:^0.523.0":
  version: 0.523.0
  resolution: "lucide-react@npm:0.523.0"
  peerDependencies:
    react: ^16.5.1 || ^17.0.0 || ^18.0.0 || ^19.0.0
  checksum: 10c0/dafd180d05326edc81d928f37d6574930f0592da08b91c536ae5675d0b764295368e8daf9bcc81a5283c18e2f19412060d1da475b4f26112168245e708bd562f
  languageName: node
  linkType: hard

"root-workspace-0b6124@workspace:.":
  version: 0.0.0-use.local
  resolution: "root-workspace-0b6124@workspace:."
  dependencies:
    lucide-react: "npm:^0.523.0"
  languageName: unknown
  linkType: soft
